<?xml version="1.0" encoding="utf-8"?>
<Project ToolsVersion="4.0" xmlns="http://schemas.microsoft.com/developer/msbuild/2003">
  <ItemGroup>
    <Filter Include="include">
      <UniqueIdentifier>{89AF369E-F58E-B539-FEA6-40106A051C9B}</UniqueIdentifier>
    </Filter>
    <Filter Include="include\Minecraft">
      <UniqueIdentifier>{312BF8CC-9D41-F662-E6B8-8184520EC7EA}</UniqueIdentifier>
    </Filter>
    <Filter Include="src">
      <UniqueIdentifier>{2DAB880B-99B4-887C-2230-9F7C8E38947C}</UniqueIdentifier>
    </Filter>
  </ItemGroup>
  <ItemGroup>
    <ClInclude Include="include\Minecraft\Block.h">
      <Filter>include\Minecraft</Filter>
    </ClInclude>
    <ClInclude Include="include\Minecraft\Core.h">
      <Filter>include\Minecraft</Filter>
    </ClInclude>
    <ClInclude Include="include\Minecraft\Minecraft.h">
      <Filter>include\Minecraft</Filter>
    </ClInclude>
    <ClInclude Include="include\Minecraft\Register.h">
      <Filter>include\Minecraft</Filter>
    </ClInclude>
  </ItemGroup>
  <ItemGroup>
    <ClCompile Include="src\Block.cpp">
      <Filter>src</Filter>
    </ClCompile>
    <ClCompile Include="src\Register.cpp">
      <Filter>src</Filter>
    </ClCompile>
  </ItemGroup>
</Project>